
Microsoft Visual Studio Solution File, Format Version 12.00
# Visual Studio Version 17
VisualStudioVersion = 17.10.34916.146
MinimumVisualStudioVersion = 10.0.40219.1
Project("{FAE04EC0-301F-11D3-BF4B-00C04F79EFBC}") = "PassionProject", "PassionProject\PassionProject.csproj", "{ABD18337-F9C6-40E6-A815-72932D6C4ABD}"
EndProject
Global
	GlobalSection(SolutionConfigurationPlatforms) = preSolution
		Debug|Any CPU = Debug|Any CPU
		Release|Any CPU = Release|Any CPU
	EndGlobalSection
	GlobalSection(ProjectConfigurationPlatforms) = postSolution
		{ABD18337-F9C6-40E6-A815-72932D6C4ABD}.Debug|Any CPU.ActiveCfg = Debug|Any CPU
		{ABD18337-F9C6-40E6-A815-72932D6C4ABD}.Debug|Any CPU.Build.0 = Debug|Any CPU
		{ABD18337-F9C6-40E6-A815-72932D6C4ABD}.Release|Any CPU.ActiveCfg = Release|Any CPU
		{ABD18337-F9C6-40E6-A815-72932D6C4ABD}.Release|Any CPU.Build.0 = Release|Any CPU
	EndGlobalSection
	GlobalSection(SolutionProperties) = preSolution
		HideSolutionNode = FALSE
	EndGlobalSection
	GlobalSection(ExtensibilityGlobals) = postSolution
		SolutionGuid = {A02CB2A3-C971-4714-8768-DE6169DB3672}
	EndGlobalSection
EndGlobal
